
Microsoft Visual Studio Solution File, Format Version 12.00
# Visual Studio 2013
VisualStudioVersion = 12.0.31101.0
MinimumVisualStudioVersion = 10.0.40219.1
Project("{FAE04EC0-301F-11D3-BF4B-00C04F79EFBC}") = "VsRestart", "VsRestart\VsRestart.csproj", "{844F0A57-D1AE-46E6-820C-D58BFA1EBA95}"
EndProject
Global
	GlobalSection(SolutionConfigurationPlatforms) = preSolution
		Debug|Any CPU = Debug|Any CPU
		Release|Any CPU = Release|Any CPU
	EndGlobalSection
	GlobalSection(ProjectConfigurationPlatforms) = postSolution
		{844F0A57-D1AE-46E6-820C-D58BFA1EBA95}.Debug|Any CPU.ActiveCfg = Debug|Any CPU
		{844F0A57-D1AE-46E6-820C-D58BFA1EBA95}.Debug|Any CPU.Build.0 = Debug|Any CPU
		{844F0A57-D1AE-46E6-820C-D58BFA1EBA95}.Release|Any CPU.ActiveCfg = Release|Any CPU
		{844F0A57-D1AE-46E6-820C-D58BFA1EBA95}.Release|Any CPU.Build.0 = Release|Any CPU
	EndGlobalSection
	GlobalSection(SolutionProperties) = preSolution
		HideSolutionNode = FALSE
	EndGlobalSection
EndGlobal
